{
  "name": "youtubetest",
  "version": "1.0.0",
  "lockfileVersion": 3,
  "requires": true,
  "packages": {
    "": {
      "name": "youtubetest",
      "version": "1.0.0",
      "license": "ISC",
      "dependencies": {
        "youtubei.js": "^6.4.1"
      },
      "devDependencies": {
        "@types/node": "^20.8.4",
        "dayjs": "^1.11.10"
      }
    },
    "node_modules/@fastify/busboy": {
      "version": "2.0.0",
      "resolved": "https://registry.npmjs.org/@fastify/busboy/-/busboy-2.0.0.tgz",
      "integrity": "sha512-JUFJad5lv7jxj926GPgymrWQxxjPYuJNiNjNMzqT+HiuP6Vl3dk5xzG+8sTX96np0ZAluvaMzPsjhHZ5rNuNQQ==",
      "engines": {
        "node": ">=14"
      }
    },
    "node_modules/@types/node": {
      "version": "20.8.4",
      "resolved": "https://registry.npmjs.org/@types/node/-/node-20.8.4.tgz",
      "integrity": "sha512-ZVPnqU58giiCjSxjVUESDtdPk4QR5WQhhINbc9UBrKLU68MX5BF6kbQzTrkwbolyr0X8ChBpXfavr5mZFKZQ5A==",
      "dev": true,
      "dependencies": {
        "undici-types": "~5.25.1"
      }
    },
    "node_modules/acorn": {
      "version": "8.10.0",
      "resolved": "https://registry.npmjs.org/acorn/-/acorn-8.10.0.tgz",
      "integrity": "sha512-F0SAmZ8iUtS//m8DmCTA0jlh6TDKkHQyK6xc6V4KDTyZKA9dnvX9/3sRTVQrWm79glUAZbnmmNcdYwUIHWVybw==",
      "bin": {
        "acorn": "bin/acorn"
      },
      "engines": {
        "node": ">=0.4.0"
      }
    },
    "node_modules/dayjs": {
      "version": "1.11.10",
      "resolved": "https://registry.npmjs.org/dayjs/-/dayjs-1.11.10.tgz",
      "integrity": "sha512-vjAczensTgRcqDERK0SR2XMwsF/tSvnvlv6VcF2GIhg6Sx4yOIt/irsr1RDJsKiIyBzJDpCoXiWWq28MqH2cnQ==",
      "dev": true
    },
    "node_modules/jintr": {
      "version": "1.1.0",
      "resolved": "https://registry.npmjs.org/jintr/-/jintr-1.1.0.tgz",
      "integrity": "sha512-Tu9wk3BpN2v+kb8yT6YBtue+/nbjeLFv4vvVC4PJ7oCidHKbifWhvORrAbQfxVIQZG+67am/mDagpiGSVtvrZg==",
      "funding": [
        "https://github.com/sponsors/LuanRT"
      ],
      "dependencies": {
        "acorn": "^8.8.0"
      }
    },
    "node_modules/tslib": {
      "version": "2.6.2",
      "resolved": "https://registry.npmjs.org/tslib/-/tslib-2.6.2.tgz",
      "integrity": "sha512-AEYxH93jGFPn/a2iVAwW87VuUIkR1FVUKB77NwMF7nBTDkDrrT/Hpt/IrCJ0QXhW27jTBDcf5ZY7w6RiqTMw2Q=="
    },
    "node_modules/undici": {
      "version": "5.25.4",
      "resolved": "https://registry.npmjs.org/undici/-/undici-5.25.4.tgz",
      "integrity": "sha512-450yJxT29qKMf3aoudzFpIciqpx6Pji3hEWaXqXmanbXF58LTAGCKxcJjxMXWu3iG+Mudgo3ZUfDB6YDFd/dAw==",
      "dependencies": {
        "@fastify/busboy": "^2.0.0"
      },
      "engines": {
        "node": ">=14.0"
      }
    },
    "node_modules/undici-types": {
      "version": "5.25.3",
      "resolved": "https://registry.npmjs.org/undici-types/-/undici-types-5.25.3.tgz",
      "integrity": "sha512-Ga1jfYwRn7+cP9v8auvEXN1rX3sWqlayd4HP7OKk4mZWylEmu3KzXDUGrQUN6Ol7qo1gPvB2e5gX6udnyEPgdA==",
      "dev": true
    },
    "node_modules/youtubei.js": {
      "version": "6.4.1",
      "resolved": "https://registry.npmjs.org/youtubei.js/-/youtubei.js-6.4.1.tgz",
      "integrity": "sha512-GVrDkJmF5t378SeDiZPEAoegZ1pxjbEzNyXTuiQnL5LzPSZKA3IoJwL8lBNlRMKyksI5RbieoHzULsEt4AIbFw==",
      "funding": [
        "https://github.com/sponsors/LuanRT"
      ],
      "dependencies": {
        "jintr": "^1.1.0",
        "tslib": "^2.5.0",
        "undici": "^5.19.1"
      }
    }
  }
}
